
Microsoft Visual Studio Solution File, Format Version 12.00
# Visual Studio Version 16
VisualStudioVersion = 16.0.30907.101
MinimumVisualStudioVersion = 10.0.40219.1
Project("{FAE04EC0-301F-11D3-BF4B-00C04F79EFBC}") = "WeatherSimulator", "WeatherSimulator\WeatherSimulator.csproj", "{6959848A-BF4A-44CD-8EAD-A9C9163F1F8A}"
EndProject
Global
	GlobalSection(SolutionConfigurationPlatforms) = preSolution
		Debug|Any CPU = Debug|Any CPU
		Release|Any CPU = Release|Any CPU
	EndGlobalSection
	GlobalSection(ProjectConfigurationPlatforms) = postSolution
		{6959848A-BF4A-44CD-8EAD-A9C9163F1F8A}.Debug|Any CPU.ActiveCfg = Debug|Any CPU
		{6959848A-BF4A-44CD-8EAD-A9C9163F1F8A}.Debug|Any CPU.Build.0 = Debug|Any CPU
		{6959848A-BF4A-44CD-8EAD-A9C9163F1F8A}.Release|Any CPU.ActiveCfg = Release|Any CPU
		{6959848A-BF4A-44CD-8EAD-A9C9163F1F8A}.Release|Any CPU.Build.0 = Release|Any CPU
	EndGlobalSection
	GlobalSection(SolutionProperties) = preSolution
		HideSolutionNode = FALSE
	EndGlobalSection
	GlobalSection(ExtensibilityGlobals) = postSolution
		SolutionGuid = {3E1EBA32-85D5-4EA7-86D4-24D98861BA7F}
	EndGlobalSection
EndGlobal
